{
    "_readme": [
        "This file locks the dependencies of your project to a known state",
        "Read more about it at https://getcomposer.org/doc/01-basic-usage.md#composer-lock-the-lock-file",
        "This file is @generated automatically"
    ],
    "hash": "ef5c104d26f5e6349852ff9297bbdd8e",
    "content-hash": "bcb47ec9e3da4f4c62ba4bf0b092fd49",
    "packages": [
        {
            "name": "h4cc/wkhtmltopdf-amd64",
            "version": "0.12.3",
            "source": {
                "type": "git",
                "url": "https://github.com/h4cc/wkhtmltopdf-amd64.git",
                "reference": "b80ce6720349e98cebac7e8a19426455805fa7e1"
            },
            "dist": {
                "type": "zip",
                "url": "https://api.github.com/repos/h4cc/wkhtmltopdf-amd64/zipball/b80ce6720349e98cebac7e8a19426455805fa7e1",
                "reference": "b80ce6720349e98cebac7e8a19426455805fa7e1",
                "shasum": ""
            },
            "bin": [
                "bin/wkhtmltopdf-amd64"
            ],
            "type": "library",
            "notification-url": "https://packagist.org/downloads/",
            "license": [
                "LGPL Version 3"
            ],
            "authors": [
                {
                    "name": "Julius Beckmann",
                    "email": "github@h4cc.de"
                }
            ],
            "description": "Convert html to pdf using webkit (qtwebkit). Static linked linux binary for amd64 systems.",
            "homepage": "http://wkhtmltopdf.org/",
            "keywords": [
                "binary",
                "convert",
                "pdf",
                "snapshot",
                "thumbnail",
                "wkhtmltopdf"
            ],
            "time": "2016-02-02 19:38:55"
        },
        {
            "name": "knplabs/knp-snappy",
            "version": "0.2.1",
            "source": {
                "type": "git",
                "url": "https://github.com/KnpLabs/snappy.git",
                "reference": "e5d1e7486d9344a6cc5c3194daad7a5141b92e6e"
            },
            "dist": {
                "type": "zip",
                "url": "https://api.github.com/repos/KnpLabs/snappy/zipball/e5d1e7486d9344a6cc5c3194daad7a5141b92e6e",
                "reference": "e5d1e7486d9344a6cc5c3194daad7a5141b92e6e",
                "shasum": ""
            },
            "require": {
                "php": ">=5.3.0"
            },
            "require-dev": {
                "symfony/process": "~2.1"
            },
            "suggest": {
                "h4cc/wkhtmltopdf-amd64": "Provide wkhtmltopdf-amd64 binary, use version `0.12.0` as dependency",
                "h4cc/wkhtmltopdf-i386": "Provide wkhtmltopdf-i386 binary, use version `0.12.0` as dependency"
            },
            "type": "library",
            "extra": {
                "branch-alias": {
                    "dev-master": "0.2.x-dev"
                }
            },
            "autoload": {
                "psr-0": {
                    "Knp\\Snappy": "src/"
                }
            },
            "notification-url": "https://packagist.org/downloads/",
            "license": [
                "MIT"
            ],
            "authors": [
                {
                    "name": "KnpLabs Team",
                    "homepage": "http://knplabs.com"
                },
                {
                    "name": "Symfony Community",
                    "homepage": "http://github.com/KnpLabs/snappy/contributors"
                }
            ],
            "description": "PHP5 library allowing thumbnail, snapshot or PDF generation from a url or a html page. Wrapper for wkhtmltopdf/wkhtmltoimage.",
            "homepage": "http://github.com/KnpLabs/snappy",
            "keywords": [
                "knp",
                "knplabs",
                "pdf",
                "snapshot",
                "thumbnail",
                "wkhtmltopdf"
            ],
            "time": "2014-10-14 16:54:20"
        }
    ],
    "packages-dev": [],
    "aliases": [],
    "minimum-stability": "dev",
    "stability-flags": [],
    "prefer-stable": false,
    "prefer-lowest": false,
    "platform": {
        "php": ">=5.3.2"
    },
    "platform-dev": []
}
